
Microsoft Visual Studio Solution File, Format Version 12.00
# Visual Studio Version 17
VisualStudioVersion = 17.9.34622.214
MinimumVisualStudioVersion = 10.0.40219.1
Project("{9A19103F-16F7-4668-BE54-9A1E7A4F7556}") = "Api", "Api\Api.csproj", "{C7AB7A56-E548-48E4-96DF-340CDAFEF925}"
EndProject
Project("{9A19103F-16F7-4668-BE54-9A1E7A4F7556}") = "Logic", "Logic\Logic.csproj", "{92795EBA-83DF-41C2-A9C9-FADCC1138514}"
EndProject
Project("{9A19103F-16F7-4668-BE54-9A1E7A4F7556}") = "Dal", "Dal\Dal.csproj", "{BB412E6F-68F7-41E6-ADA7-676E4F4F7F6D}"
EndProject
Project("{9A19103F-16F7-4668-BE54-9A1E7A4F7556}") = "ExampleCore", "C:\Users\chern\Downloads\course-main1\course-main\Libs\ExampleCore\ExampleCore.csproj", "{F448E659-0FF6-42FD-B808-A06894FC965C}"
EndProject
Global
	GlobalSection(SolutionConfigurationPlatforms) = preSolution
		Debug|Any CPU = Debug|Any CPU
		Release|Any CPU = Release|Any CPU
	EndGlobalSection
	GlobalSection(ProjectConfigurationPlatforms) = postSolution
		{C7AB7A56-E548-48E4-96DF-340CDAFEF925}.Debug|Any CPU.ActiveCfg = Debug|Any CPU
		{C7AB7A56-E548-48E4-96DF-340CDAFEF925}.Debug|Any CPU.Build.0 = Debug|Any CPU
		{C7AB7A56-E548-48E4-96DF-340CDAFEF925}.Release|Any CPU.ActiveCfg = Release|Any CPU
		{C7AB7A56-E548-48E4-96DF-340CDAFEF925}.Release|Any CPU.Build.0 = Release|Any CPU
		{92795EBA-83DF-41C2-A9C9-FADCC1138514}.Debug|Any CPU.ActiveCfg = Debug|Any CPU
		{92795EBA-83DF-41C2-A9C9-FADCC1138514}.Debug|Any CPU.Build.0 = Debug|Any CPU
		{92795EBA-83DF-41C2-A9C9-FADCC1138514}.Release|Any CPU.ActiveCfg = Release|Any CPU
		{92795EBA-83DF-41C2-A9C9-FADCC1138514}.Release|Any CPU.Build.0 = Release|Any CPU
		{BB412E6F-68F7-41E6-ADA7-676E4F4F7F6D}.Debug|Any CPU.ActiveCfg = Debug|Any CPU
		{BB412E6F-68F7-41E6-ADA7-676E4F4F7F6D}.Debug|Any CPU.Build.0 = Debug|Any CPU
		{BB412E6F-68F7-41E6-ADA7-676E4F4F7F6D}.Release|Any CPU.ActiveCfg = Release|Any CPU
		{BB412E6F-68F7-41E6-ADA7-676E4F4F7F6D}.Release|Any CPU.Build.0 = Release|Any CPU
		{F448E659-0FF6-42FD-B808-A06894FC965C}.Debug|Any CPU.ActiveCfg = Debug|Any CPU
		{F448E659-0FF6-42FD-B808-A06894FC965C}.Debug|Any CPU.Build.0 = Debug|Any CPU
		{F448E659-0FF6-42FD-B808-A06894FC965C}.Release|Any CPU.ActiveCfg = Release|Any CPU
		{F448E659-0FF6-42FD-B808-A06894FC965C}.Release|Any CPU.Build.0 = Release|Any CPU
	EndGlobalSection
	GlobalSection(SolutionProperties) = preSolution
		HideSolutionNode = FALSE
	EndGlobalSection
	GlobalSection(ExtensibilityGlobals) = postSolution
		SolutionGuid = {C8101CC4-8297-4FBD-AD04-B0507CAEE7D7}
	EndGlobalSection
EndGlobal
